Microsoft Visual Studio Solution File, Format Version 12.00
# Visual Studio 15
VisualStudioVersion = 15.0.26124.0
MinimumVisualStudioVersion = 15.0.26124.0
Project("{9A19103F-16F7-4668-BE54-9A1E7A4F7556}") = "PropertyBasedTestingCsharp.Tests", "PropertyBasedTestingCsharp.Tests\PropertyBasedTestingCsharp.Tests.csproj", "{F87DBA80-E73B-42AE-829B-DC1FA15B6334}"
EndProject
Project("{9A19103F-16F7-4668-BE54-9A1E7A4F7556}") = "PropertyBasedTestingCsharp.AppCore", "PropertyBasedTestingCsharp.AppCore\PropertyBasedTestingCsharp.AppCore.csproj", "{5317CF55-318C-4443-9293-859B6F567BB7}"
EndProject
Global
	GlobalSection(SolutionConfigurationPlatforms) = preSolution
		Debug|Any CPU = Debug|Any CPU
		Debug|x64 = Debug|x64
		Debug|x86 = Debug|x86
		Release|Any CPU = Release|Any CPU
		Release|x64 = Release|x64
		Release|x86 = Release|x86
	EndGlobalSection
	GlobalSection(ProjectConfigurationPlatforms) = postSolution
		{F87DBA80-E73B-42AE-829B-DC1FA15B6334}.Debug|Any CPU.ActiveCfg = Debug|Any CPU
		{F87DBA80-E73B-42AE-829B-DC1FA15B6334}.Debug|Any CPU.Build.0 = Debug|Any CPU
		{F87DBA80-E73B-42AE-829B-DC1FA15B6334}.Debug|x64.ActiveCfg = Debug|Any CPU
		{F87DBA80-E73B-42AE-829B-DC1FA15B6334}.Debug|x64.Build.0 = Debug|Any CPU
		{F87DBA80-E73B-42AE-829B-DC1FA15B6334}.Debug|x86.ActiveCfg = Debug|Any CPU
		{F87DBA80-E73B-42AE-829B-DC1FA15B6334}.Debug|x86.Build.0 = Debug|Any CPU
		{F87DBA80-E73B-42AE-829B-DC1FA15B6334}.Release|Any CPU.ActiveCfg = Release|Any CPU
		{F87DBA80-E73B-42AE-829B-DC1FA15B6334}.Release|Any CPU.Build.0 = Release|Any CPU
		{F87DBA80-E73B-42AE-829B-DC1FA15B6334}.Release|x64.ActiveCfg = Release|Any CPU
		{F87DBA80-E73B-42AE-829B-DC1FA15B6334}.Release|x64.Build.0 = Release|Any CPU
		{F87DBA80-E73B-42AE-829B-DC1FA15B6334}.Release|x86.ActiveCfg = Release|Any CPU
		{F87DBA80-E73B-42AE-829B-DC1FA15B6334}.Release|x86.Build.0 = Release|Any CPU
		{5317CF55-318C-4443-9293-859B6F567BB7}.Debug|Any CPU.ActiveCfg = Debug|Any CPU
		{5317CF55-318C-4443-9293-859B6F567BB7}.Debug|Any CPU.Build.0 = Debug|Any CPU
		{5317CF55-318C-4443-9293-859B6F567BB7}.Debug|x64.ActiveCfg = Debug|Any CPU
		{5317CF55-318C-4443-9293-859B6F567BB7}.Debug|x64.Build.0 = Debug|Any CPU
		{5317CF55-318C-4443-9293-859B6F567BB7}.Debug|x86.ActiveCfg = Debug|Any CPU
		{5317CF55-318C-4443-9293-859B6F567BB7}.Debug|x86.Build.0 = Debug|Any CPU
		{5317CF55-318C-4443-9293-859B6F567BB7}.Release|Any CPU.ActiveCfg = Release|Any CPU
		{5317CF55-318C-4443-9293-859B6F567BB7}.Release|Any CPU.Build.0 = Release|Any CPU
		{5317CF55-318C-4443-9293-859B6F567BB7}.Release|x64.ActiveCfg = Release|Any CPU
		{5317CF55-318C-4443-9293-859B6F567BB7}.Release|x64.Build.0 = Release|Any CPU
		{5317CF55-318C-4443-9293-859B6F567BB7}.Release|x86.ActiveCfg = Release|Any CPU
		{5317CF55-318C-4443-9293-859B6F567BB7}.Release|x86.Build.0 = Release|Any CPU
	EndGlobalSection
	GlobalSection(SolutionProperties) = preSolution
		HideSolutionNode = FALSE
	EndGlobalSection
	GlobalSection(ExtensibilityGlobals) = postSolution
		SolutionGuid = {5455DC2A-E925-49DC-BA43-C2EC0071652B}
	EndGlobalSection
EndGlobal
